// !$*UTF8*$!
{
	archiveVersion = 1;
	classes = {
	};
	objectVersion = 77;
	objects = {

/* Begin PBXBuildFile section */
		1F3E56FA3903FC4520663A0A /* BetterBahnWidgetsExtension.appex in Embed Foundation Extensions */ = {isa = PBXBuildFile; fileRef = 1C7052EC5FC02E5BD365EC48 /* BetterBahnWidgetsExtension.appex */; settings = {ATTRIBUTES = (RemoveHeadersOnCopy, ); }; };
		5C6A34EF52ECEBB205AD6FCF /* BetterBahnKit in Frameworks */ = {isa = PBXBuildFile; productRef = B70D16E744EAA68A9A44C7FF /* BetterBahnKit */; };
		F40744EEB5BC11DDF94971C3 /* BetterBahnKit in Frameworks */ = {isa = PBXBuildFile; productRef = BDBCCC4658689BF45E5472BF /* BetterBahnKit */; };
/* End PBXBuildFile section */

/* Begin PBXContainerItemProxy section */
		431387EB7262E1CFC79B125E /* PBXContainerItemProxy */ = {
			isa = PBXContainerItemProxy;
			containerPortal = 46F86FAA6BBF9AC94A7E4595 /* Project object */;
			proxyType = 1;
			remoteGlobalIDString = E8173D1080A28ECDFD3BF6B2;
			remoteInfo = BetterBahnWidgetsExtension;
		};
/* End PBXContainerItemProxy section */

/* Begin PBXCopyFilesBuildPhase section */
		CF85AC55444E92E2A151D05E /* Embed Foundation Extensions */ = {
			isa = PBXCopyFilesBuildPhase;
			buildActionMask = 2147483647;
			dstPath = "";
			dstSubfolderSpec = 13;
			files = (
				1F3E56FA3903FC4520663A0A /* BetterBahnWidgetsExtension.appex in Embed Foundation Extensions */,
			);
			name = "Embed Foundation Extensions";
			runOnlyForDeploymentPostprocessing = 0;
		};
/* End PBXCopyFilesBuildPhase section */

/* Begin PBXFileReference section */
		1C7052EC5FC02E5BD365EC48 /* BetterBahnWidgetsExtension.appex */ = {isa = PBXFileReference; explicitFileType = "wrapper.app-extension"; includeInIndex = 0; path = BetterBahnWidgetsExtension.appex; sourceTree = BUILT_PRODUCTS_DIR; };
		81918909E83595C8F4212CCC /* BetterBahn.app */ = {isa = PBXFileReference; explicitFileType = wrapper.application; includeInIndex = 0; path = BetterBahn.app; sourceTree = BUILT_PRODUCTS_DIR; };
/* End PBXFileReference section */

/* Begin PBXFileSystemSynchronizedRootGroup section */
		027379FA0977A33B72632DE8 /* BetterBahn */ = {
			isa = PBXFileSystemSynchronizedRootGroup;
			path = BetterBahn;
			sourceTree = "<group>";
		};
		3EEF7D8B7A3B439D41A876E3 /* BetterBahnWidgets */ = {
			isa = PBXFileSystemSynchronizedRootGroup;
			path = BetterBahnWidgets;
			sourceTree = "<group>";
		};
/* End PBXFileSystemSynchronizedRootGroup section */

/* Begin PBXFrameworksBuildPhase section */
		0248D6DB510EB0F7E9C05175 /* Frameworks */ = {
			isa = PBXFrameworksBuildPhase;
			buildActionMask = 2147483647;
			files = (
				5C6A34EF52ECEBB205AD6FCF /* BetterBahnKit in Frameworks */,
			);
			runOnlyForDeploymentPostprocessing = 0;
		};
		C2B571F11AF4AD9F122E48C3 /* Frameworks */ = {
			isa = PBXFrameworksBuildPhase;
			buildActionMask = 2147483647;
			files = (
				F40744EEB5BC11DDF94971C3 /* BetterBahnKit in Frameworks */,
			);
			runOnlyForDeploymentPostprocessing = 0;
		};
/* End PBXFrameworksBuildPhase section */

/* Begin PBXGroup section */
		1BADDC1D73C1A20F347483E1 /* Products */ = {
			isa = PBXGroup;
			children = (
				81918909E83595C8F4212CCC /* BetterBahn.app */,
				1C7052EC5FC02E5BD365EC48 /* BetterBahnWidgetsExtension.appex */,
			);
			name = Products;
			sourceTree = "<group>";
		};
		8D3FC6DB5D0827F168A73277 = {
			isa = PBXGroup;
			children = (
				027379FA0977A33B72632DE8 /* BetterBahn */,
				3EEF7D8B7A3B439D41A876E3 /* BetterBahnWidgets */,
				1BADDC1D73C1A20F347483E1 /* Products */,
			);
			sourceTree = "<group>";
		};
/* End PBXGroup section */

/* Begin PBXNativeTarget section */
		3D4C91345015A4DD0A099400 /* BetterBahn */ = {
			isa = PBXNativeTarget;
			buildConfigurationList = 034C6249A62A205DDC9055EB /* Build configuration list for PBXNativeTarget "BetterBahn" */;
			buildPhases = (
				DA10D9DD089DF2AFEBC5ED5A /* Sources */,
				0248D6DB510EB0F7E9C05175 /* Frameworks */,
				82A968CB662751220D4DFE2D /* Resources */,
				CF85AC55444E92E2A151D05E /* Embed Foundation Extensions */,
			);
			buildRules = (
			);
			dependencies = (
				551BDF5D8808EFCFB21091A6 /* PBXTargetDependency */,
			);
			fileSystemSynchronizedGroups = (
				027379FA0977A33B72632DE8 /* BetterBahn */,
			);
			name = BetterBahn;
			packageProductDependencies = (
				B70D16E744EAA68A9A44C7FF /* BetterBahnKit */,
			);
			productName = BetterBahn;
			productReference = 81918909E83595C8F4212CCC /* BetterBahn.app */;
			productType = "com.apple.product-type.application";
		};
		E8173D1080A28ECDFD3BF6B2 /* BetterBahnWidgetsExtension */ = {
			isa = PBXNativeTarget;
			buildConfigurationList = 3BBB74E95767513C23C8646C /* Build configuration list for PBXNativeTarget "BetterBahnWidgetsExtension" */;
			buildPhases = (
				C861C1B2713F1DA729267477 /* Sources */,
				C2B571F11AF4AD9F122E48C3 /* Frameworks */,
				3EB9B1A63CB0AF905AC09EAB /* Resources */,
			);
			buildRules = (
			);
			dependencies = (
			);
			fileSystemSynchronizedGroups = (
				3EEF7D8B7A3B439D41A876E3 /* BetterBahnWidgets */,
			);
			name = BetterBahnWidgetsExtension;
			packageProductDependencies = (
				BDBCCC4658689BF45E5472BF /* BetterBahnKit */,
			);
			productName = BetterBahnWidgetsExtension;
			productReference = 1C7052EC5FC02E5BD365EC48 /* BetterBahnWidgetsExtension.appex */;
			productType = "com.apple.product-type.app-extension";
		};
/* End PBXNativeTarget section */

/* Begin PBXProject section */
		46F86FAA6BBF9AC94A7E4595 /* Project object */ = {
			isa = PBXProject;
			attributes = {
				BuildIndependentTargetsInParallel = 1;
				KnownAssetTags = (
					New,
				);
				LastSwiftUpdateCheck = 2660;
				LastUpgradeCheck = 2660;
				TargetAttributes = {
					3D4C91345015A4DD0A099400 = {
						CreatedOnToolsVersion = 26.6;
					};
					E8173D1080A28ECDFD3BF6B2 = {
						CreatedOnToolsVersion = 26.6;
					};
				};
			};
			buildConfigurationList = E3A7C415CD449FA8A1E633E1 /* Build configuration list for PBXProject "BetterBahn" */;
			developmentRegion = de;
			hasScannedForEncodings = 0;
			knownRegions = (
				de,
				Base,
			);
			mainGroup = 8D3FC6DB5D0827F168A73277;
			minimizedProjectReferenceProxies = 1;
			packageReferences = (
				2BCD311588779502C5D39910 /* XCLocalSwiftPackageReference "Packages/BetterBahnKit" */,
			);
			preferredProjectObjectVersion = 77;
			productRefGroup = 1BADDC1D73C1A20F347483E1 /* Products */;
			projectDirPath = "";
			projectRoot = "";
			targets = (
				3D4C91345015A4DD0A099400 /* BetterBahn */,
				E8173D1080A28ECDFD3BF6B2 /* BetterBahnWidgetsExtension */,
			);
		};
/* End PBXProject section */

/* Begin PBXResourcesBuildPhase section */
		3EB9B1A63CB0AF905AC09EAB /* Resources */ = {
			isa = PBXResourcesBuildPhase;
			buildActionMask = 2147483647;
			files = (
			);
			runOnlyForDeploymentPostprocessing = 0;
		};
		82A968CB662751220D4DFE2D /* Resources */ = {
			isa = PBXResourcesBuildPhase;
			buildActionMask = 2147483647;
			files = (
			);
			runOnlyForDeploymentPostprocessing = 0;
		};
/* End PBXResourcesBuildPhase section */

/* Begin PBXSourcesBuildPhase section */
		C861C1B2713F1DA729267477 /* Sources */ = {
			isa = PBXSourcesBuildPhase;
			buildActionMask = 2147483647;
			files = (
			);
			runOnlyForDeploymentPostprocessing = 0;
		};
		DA10D9DD089DF2AFEBC5ED5A /* Sources */ = {
			isa = PBXSourcesBuildPhase;
			buildActionMask = 2147483647;
			files = (
			);
			runOnlyForDeploymentPostprocessing = 0;
		};
/* End PBXSourcesBuildPhase section */

/* Begin PBXTargetDependency section */
		551BDF5D8808EFCFB21091A6 /* PBXTargetDependency */ = {
			isa = PBXTargetDependency;
			target = E8173D1080A28ECDFD3BF6B2 /* BetterBahnWidgetsExtension */;
			targetProxy = 431387EB7262E1CFC79B125E /* PBXContainerItemProxy */;
		};
/* End PBXTargetDependency section */

/* Begin XCBuildConfiguration section */
		191734982F22ABEBB64A1AE0 /* Release */ = {
			isa = XCBuildConfiguration;
			buildSettings = {
				ASSETCATALOG_COMPILER_APPICON_NAME = AppIcon;
				CODE_SIGN_STYLE = Automatic;
				CURRENT_PROJECT_VERSION = 1;
				DEVELOPMENT_TEAM = 9NXP66M9UL;
				ENABLE_PREVIEWS = YES;
				GENERATE_INFOPLIST_FILE = YES;
				INFOPLIST_KEY_CFBundleDisplayName = BetterBahn;
				INFOPLIST_KEY_NSSupportsLiveActivities = YES;
				INFOPLIST_KEY_UIApplicationSceneManifest_Generation = YES;
				INFOPLIST_KEY_UILaunchScreen_Generation = YES;
				INFOPLIST_KEY_UISupportedInterfaceOrientations = "UIInterfaceOrientationPortrait UIInterfaceOrientationLandscapeLeft UIInterfaceOrientationLandscapeRight";
				LD_RUNPATH_SEARCH_PATHS = (
					"$(inherited)",
					"@executable_path/Frameworks",
				);
				MARKETING_VERSION = 0.1;
				PRODUCT_BUNDLE_IDENTIFIER = de.goldkunibert.BetterBahn;
				PRODUCT_NAME = "$(TARGET_NAME)";
				SWIFT_EMIT_LOC_STRINGS = YES;
				TARGETED_DEVICE_FAMILY = 1;
			};
			name = Release;
		};
		2D74CA302FF4E1F0293F50B2 /* Debug */ = {
			isa = XCBuildConfiguration;
			buildSettings = {
				CODE_SIGN_STYLE = Automatic;
				CURRENT_PROJECT_VERSION = 1;
				DEVELOPMENT_TEAM = 9NXP66M9UL;
				GENERATE_INFOPLIST_FILE = YES;
				INFOPLIST_FILE = "Config/BetterBahnWidgets-Info.plist";
				INFOPLIST_KEY_CFBundleDisplayName = BetterBahnWidgets;
				INFOPLIST_KEY_NSHumanReadableCopyright = "";
				LD_RUNPATH_SEARCH_PATHS = (
					"$(inherited)",
					"@executable_path/Frameworks",
					"@executable_path/../../Frameworks",
				);
				MARKETING_VERSION = 0.1;
				PRODUCT_BUNDLE_IDENTIFIER = de.goldkunibert.BetterBahn.Widgets;
				PRODUCT_NAME = "$(TARGET_NAME)";
				SKIP_INSTALL = YES;
				SWIFT_EMIT_LOC_STRINGS = YES;
				TARGETED_DEVICE_FAMILY = 1;
			};
			name = Debug;
		};
		72FB3ED29B4639D83EC5DB14 /* Debug */ = {
			isa = XCBuildConfiguration;
			buildSettings = {
				ASSETCATALOG_COMPILER_APPICON_NAME = AppIcon;
				CODE_SIGN_STYLE = Automatic;
				CURRENT_PROJECT_VERSION = 1;
				DEVELOPMENT_TEAM = 9NXP66M9UL;
				ENABLE_PREVIEWS = YES;
				GENERATE_INFOPLIST_FILE = YES;
				INFOPLIST_KEY_CFBundleDisplayName = BetterBahn;
				INFOPLIST_KEY_NSSupportsLiveActivities = YES;
				INFOPLIST_KEY_UIApplicationSceneManifest_Generation = YES;
				INFOPLIST_KEY_UILaunchScreen_Generation = YES;
				INFOPLIST_KEY_UISupportedInterfaceOrientations = "UIInterfaceOrientationPortrait UIInterfaceOrientationLandscapeLeft UIInterfaceOrientationLandscapeRight";
				LD_RUNPATH_SEARCH_PATHS = (
					"$(inherited)",
					"@executable_path/Frameworks",
				);
				MARKETING_VERSION = 0.1;
				PRODUCT_BUNDLE_IDENTIFIER = de.goldkunibert.BetterBahn;
				PRODUCT_NAME = "$(TARGET_NAME)";
				SWIFT_EMIT_LOC_STRINGS = YES;
				TARGETED_DEVICE_FAMILY = 1;
			};
			name = Debug;
		};
		999D00FC968E12EBDA6FF541 /* Release */ = {
			isa = XCBuildConfiguration;
			buildSettings = {
				CODE_SIGN_STYLE = Automatic;
				CURRENT_PROJECT_VERSION = 1;
				DEVELOPMENT_TEAM = 9NXP66M9UL;
				GENERATE_INFOPLIST_FILE = YES;
				INFOPLIST_FILE = "Config/BetterBahnWidgets-Info.plist";
				INFOPLIST_KEY_CFBundleDisplayName = BetterBahnWidgets;
				INFOPLIST_KEY_NSHumanReadableCopyright = "";
				LD_RUNPATH_SEARCH_PATHS = (
					"$(inherited)",
					"@executable_path/Frameworks",
					"@executable_path/../../Frameworks",
				);
				MARKETING_VERSION = 0.1;
				PRODUCT_BUNDLE_IDENTIFIER = de.goldkunibert.BetterBahn.Widgets;
				PRODUCT_NAME = "$(TARGET_NAME)";
				SKIP_INSTALL = YES;
				SWIFT_EMIT_LOC_STRINGS = YES;
				TARGETED_DEVICE_FAMILY = 1;
			};
			name = Release;
		};
		FA9139DD8B03E3F922556BF8 /* Debug */ = {
			isa = XCBuildConfiguration;
			buildSettings = {
				ALWAYS_SEARCH_USER_PATHS = NO;
				CLANG_ENABLE_MODULES = YES;
				CLANG_ENABLE_OBJC_ARC = YES;
				DEBUG_INFORMATION_FORMAT = dwarf;
				DEVELOPMENT_LANGUAGE = de;
				ENABLE_TESTABILITY = YES;
				ENABLE_USER_SCRIPT_SANDBOXING = YES;
				GCC_C_LANGUAGE_STANDARD = gnu17;
				GCC_OPTIMIZATION_LEVEL = 0;
				IPHONEOS_DEPLOYMENT_TARGET = 26.0;
				LOCALIZATION_PREFERS_STRING_CATALOGS = YES;
				MTL_ENABLE_DEBUG_INFO = INCLUDE_SOURCE;
				ONLY_ACTIVE_ARCH = YES;
				SDKROOT = iphoneos;
				SWIFT_ACTIVE_COMPILATION_CONDITIONS = "DEBUG $(inherited)";
				SWIFT_APPROACHABLE_CONCURRENCY = YES;
				SWIFT_DEFAULT_ACTOR_ISOLATION = MainActor;
				SWIFT_OPTIMIZATION_LEVEL = "-Onone";
				SWIFT_UPCOMING_FEATURE_MEMBER_IMPORT_VISIBILITY = YES;
				SWIFT_VERSION = 6.0;
			};
			name = Debug;
		};
		FFE2104CCFAB79205AC64460 /* Release */ = {
			isa = XCBuildConfiguration;
			buildSettings = {
				ALWAYS_SEARCH_USER_PATHS = NO;
				CLANG_ENABLE_MODULES = YES;
				CLANG_ENABLE_OBJC_ARC = YES;
				DEBUG_INFORMATION_FORMAT = "dwarf-with-dsym";
				DEVELOPMENT_LANGUAGE = de;
				ENABLE_NS_ASSERTIONS = NO;
				ENABLE_USER_SCRIPT_SANDBOXING = YES;
				GCC_C_LANGUAGE_STANDARD = gnu17;
				IPHONEOS_DEPLOYMENT_TARGET = 26.0;
				LOCALIZATION_PREFERS_STRING_CATALOGS = YES;
				MTL_ENABLE_DEBUG_INFO = NO;
				SDKROOT = iphoneos;
				SWIFT_APPROACHABLE_CONCURRENCY = YES;
				SWIFT_COMPILATION_MODE = wholemodule;
				SWIFT_DEFAULT_ACTOR_ISOLATION = MainActor;
				SWIFT_UPCOMING_FEATURE_MEMBER_IMPORT_VISIBILITY = YES;
				SWIFT_VERSION = 6.0;
				VALIDATE_PRODUCT = YES;
			};
			name = Release;
		};
/* End XCBuildConfiguration section */

/* Begin XCConfigurationList section */
		034C6249A62A205DDC9055EB /* Build configuration list for PBXNativeTarget "BetterBahn" */ = {
			isa = XCConfigurationList;
			buildConfigurations = (
				72FB3ED29B4639D83EC5DB14 /* Debug */,
				191734982F22ABEBB64A1AE0 /* Release */,
			);
			defaultConfigurationIsVisible = 0;
			defaultConfigurationName = Release;
		};
		3BBB74E95767513C23C8646C /* Build configuration list for PBXNativeTarget "BetterBahnWidgetsExtension" */ = {
			isa = XCConfigurationList;
			buildConfigurations = (
				2D74CA302FF4E1F0293F50B2 /* Debug */,
				999D00FC968E12EBDA6FF541 /* Release */,
			);
			defaultConfigurationIsVisible = 0;
			defaultConfigurationName = Release;
		};
		E3A7C415CD449FA8A1E633E1 /* Build configuration list for PBXProject "BetterBahn" */ = {
			isa = XCConfigurationList;
			buildConfigurations = (
				FA9139DD8B03E3F922556BF8 /* Debug */,
				FFE2104CCFAB79205AC64460 /* Release */,
			);
			defaultConfigurationIsVisible = 0;
			defaultConfigurationName = Release;
		};
/* End XCConfigurationList section */

/* Begin XCLocalSwiftPackageReference section */
		2BCD311588779502C5D39910 /* XCLocalSwiftPackageReference "Packages/BetterBahnKit" */ = {
			isa = XCLocalSwiftPackageReference;
			relativePath = Packages/BetterBahnKit;
		};
/* End XCLocalSwiftPackageReference section */

/* Begin XCSwiftPackageProductDependency section */
		B70D16E744EAA68A9A44C7FF /* BetterBahnKit */ = {
			isa = XCSwiftPackageProductDependency;
			productName = BetterBahnKit;
		};
		BDBCCC4658689BF45E5472BF /* BetterBahnKit */ = {
			isa = XCSwiftPackageProductDependency;
			productName = BetterBahnKit;
		};
/* End XCSwiftPackageProductDependency section */
	};
	rootObject = 46F86FAA6BBF9AC94A7E4595 /* Project object */;
}
