// !$*UTF8*$!
{
	archiveVersion = 1;
	classes = {
	};
	objectVersion = 77;
	objects = {

/* Begin PBXBuildFile section */
		063D2D172C67FC9AC6EB7035 /* BetterBahnShareExtension.appex in Embed Foundation Extensions */ = {isa = PBXBuildFile; fileRef = A82B86377018B7B466B6CE87 /* BetterBahnShareExtension.appex */; settings = {ATTRIBUTES = (RemoveHeadersOnCopy, ); }; };
		1F3E56FA3903FC4520663A0A /* BetterBahnWidgetsExtension.appex in Embed Foundation Extensions */ = {isa = PBXBuildFile; fileRef = 1C7052EC5FC02E5BD365EC48 /* BetterBahnWidgetsExtension.appex */; settings = {ATTRIBUTES = (RemoveHeadersOnCopy, ); }; };
		5C6A34EF52ECEBB205AD6FCF /* BetterBahnKit in Frameworks */ = {isa = PBXBuildFile; productRef = B70D16E744EAA68A9A44C7FF /* BetterBahnKit */; };
		CB40CF092A2950118E6C6034 /* BetterBahnKit in Frameworks */ = {isa = PBXBuildFile; productRef = 1317CD8A62CBFA9D4E6363C9 /* BetterBahnKit */; };
		F40744EEB5BC11DDF94971C3 /* BetterBahnKit in Frameworks */ = {isa = PBXBuildFile; productRef = BDBCCC4658689BF45E5472BF /* BetterBahnKit */; };
/* End PBXBuildFile section */

/* Begin PBXContainerItemProxy section */
		431387EB7262E1CFC79B125E /* PBXContainerItemProxy */ = {
			isa = PBXContainerItemProxy;
			containerPortal = 46F86FAA6BBF9AC94A7E4595 /* Project object */;
			proxyType = 1;
			remoteGlobalIDString = E8173D1080A28ECDFD3BF6B2;
			remoteInfo = BetterBahnWidgetsExtension;
		};
		F832B348EE8824D79D9461EE /* PBXContainerItemProxy */ = {
			isa = PBXContainerItemProxy;
			containerPortal = 46F86FAA6BBF9AC94A7E4595 /* Project object */;
			proxyType = 1;
			remoteGlobalIDString = 6C92DD629C0C1B84C2BCEE58;
			remoteInfo = BetterBahnShareExtension;
		};
/* End PBXContainerItemProxy section */

/* Begin PBXCopyFilesBuildPhase section */
		CF85AC55444E92E2A151D05E /* Embed Foundation Extensions */ = {
			isa = PBXCopyFilesBuildPhase;
			buildActionMask = 2147483647;
			dstPath = "";
			dstSubfolderSpec = 13;
			files = (
				1F3E56FA3903FC4520663A0A /* BetterBahnWidgetsExtension.appex in Embed Foundation Extensions */,
				063D2D172C67FC9AC6EB7035 /* BetterBahnShareExtension.appex in Embed Foundation Extensions */,
			);
			name = "Embed Foundation Extensions";
			runOnlyForDeploymentPostprocessing = 0;
		};
/* End PBXCopyFilesBuildPhase section */

/* Begin PBXFileReference section */
		07CD028B06AD9AD383E4AE30 /* Config/App.xcconfig */ = {isa = PBXFileReference; lastKnownFileType = text.xcconfig; path = Config/App.xcconfig; sourceTree = SOURCE_ROOT; };
		1C7052EC5FC02E5BD365EC48 /* BetterBahnWidgetsExtension.appex */ = {isa = PBXFileReference; explicitFileType = "wrapper.app-extension"; includeInIndex = 0; path = BetterBahnWidgetsExtension.appex; sourceTree = BUILT_PRODUCTS_DIR; };
		22E0D898107FA89EF25F38C9 /* Config/Share.xcconfig */ = {isa = PBXFileReference; lastKnownFileType = text.xcconfig; path = Config/Share.xcconfig; sourceTree = SOURCE_ROOT; };
		3376E011AD4FCD4BF785813D /* Config/Widgets.xcconfig */ = {isa = PBXFileReference; lastKnownFileType = text.xcconfig; path = Config/Widgets.xcconfig; sourceTree = SOURCE_ROOT; };
		81918909E83595C8F4212CCC /* BetterBahn.app */ = {isa = PBXFileReference; explicitFileType = wrapper.application; includeInIndex = 0; path = BetterBahn.app; sourceTree = BUILT_PRODUCTS_DIR; };
		A82B86377018B7B466B6CE87 /* BetterBahnShareExtension.appex */ = {isa = PBXFileReference; explicitFileType = "wrapper.app-extension"; includeInIndex = 0; path = BetterBahnShareExtension.appex; sourceTree = BUILT_PRODUCTS_DIR; };
/* End PBXFileReference section */

/* Begin PBXFileSystemSynchronizedRootGroup section */
		027379FA0977A33B72632DE8 /* BetterBahn */ = {
			isa = PBXFileSystemSynchronizedRootGroup;
			path = BetterBahn;
			sourceTree = "<group>";
		};
		3EEF7D8B7A3B439D41A876E3 /* BetterBahnWidgets */ = {
			isa = PBXFileSystemSynchronizedRootGroup;
			path = BetterBahnWidgets;
			sourceTree = "<group>";
		};
		E29BB3BB325E2E336DBFC861 /* BetterBahnShare */ = {
			isa = PBXFileSystemSynchronizedRootGroup;
			path = BetterBahnShare;
			sourceTree = "<group>";
		};
/* End PBXFileSystemSynchronizedRootGroup section */

/* Begin PBXFrameworksBuildPhase section */
		0248D6DB510EB0F7E9C05175 /* Frameworks */ = {
			isa = PBXFrameworksBuildPhase;
			buildActionMask = 2147483647;
			files = (
				5C6A34EF52ECEBB205AD6FCF /* BetterBahnKit in Frameworks */,
			);
			runOnlyForDeploymentPostprocessing = 0;
		};
		5DB817E7645D32859BC918E9 /* Frameworks */ = {
			isa = PBXFrameworksBuildPhase;
			buildActionMask = 2147483647;
			files = (
				CB40CF092A2950118E6C6034 /* BetterBahnKit in Frameworks */,
			);
			runOnlyForDeploymentPostprocessing = 0;
		};
		C2B571F11AF4AD9F122E48C3 /* Frameworks */ = {
			isa = PBXFrameworksBuildPhase;
			buildActionMask = 2147483647;
			files = (
				F40744EEB5BC11DDF94971C3 /* BetterBahnKit in Frameworks */,
			);
			runOnlyForDeploymentPostprocessing = 0;
		};
/* End PBXFrameworksBuildPhase section */

/* Begin PBXGroup section */
		1BADDC1D73C1A20F347483E1 /* Products */ = {
			isa = PBXGroup;
			children = (
				81918909E83595C8F4212CCC /* BetterBahn.app */,
				1C7052EC5FC02E5BD365EC48 /* BetterBahnWidgetsExtension.appex */,
				A82B86377018B7B466B6CE87 /* BetterBahnShareExtension.appex */,
			);
			name = Products;
			sourceTree = "<group>";
		};
		8D3FC6DB5D0827F168A73277 = {
			isa = PBXGroup;
			children = (
				027379FA0977A33B72632DE8 /* BetterBahn */,
				3EEF7D8B7A3B439D41A876E3 /* BetterBahnWidgets */,
				E29BB3BB325E2E336DBFC861 /* BetterBahnShare */,
				07CD028B06AD9AD383E4AE30 /* Config/App.xcconfig */,
				3376E011AD4FCD4BF785813D /* Config/Widgets.xcconfig */,
				22E0D898107FA89EF25F38C9 /* Config/Share.xcconfig */,
				1BADDC1D73C1A20F347483E1 /* Products */,
			);
			sourceTree = "<group>";
		};
/* End PBXGroup section */

/* Begin PBXNativeTarget section */
		3D4C91345015A4DD0A099400 /* BetterBahn */ = {
			isa = PBXNativeTarget;
			buildConfigurationList = 034C6249A62A205DDC9055EB /* Build configuration list for PBXNativeTarget "BetterBahn" */;
			buildPhases = (
				DA10D9DD089DF2AFEBC5ED5A /* Sources */,
				0248D6DB510EB0F7E9C05175 /* Frameworks */,
				82A968CB662751220D4DFE2D /* Resources */,
				CF85AC55444E92E2A151D05E /* Embed Foundation Extensions */,
			);
			buildRules = (
			);
			dependencies = (
				551BDF5D8808EFCFB21091A6 /* PBXTargetDependency */,
				582E3352E0B54DE653868AFB /* PBXTargetDependency */,
			);
			fileSystemSynchronizedGroups = (
				027379FA0977A33B72632DE8 /* BetterBahn */,
			);
			name = BetterBahn;
			packageProductDependencies = (
				B70D16E744EAA68A9A44C7FF /* BetterBahnKit */,
			);
			productName = BetterBahn;
			productReference = 81918909E83595C8F4212CCC /* BetterBahn.app */;
			productType = "com.apple.product-type.application";
		};
		6C92DD629C0C1B84C2BCEE58 /* BetterBahnShareExtension */ = {
			isa = PBXNativeTarget;
			buildConfigurationList = ABCFC20D27AECF48FC3593D2 /* Build configuration list for PBXNativeTarget "BetterBahnShareExtension" */;
			buildPhases = (
				EBC1652357BA9939ECBC42EF /* Sources */,
				5DB817E7645D32859BC918E9 /* Frameworks */,
				9497FA6573F6A2280CA89521 /* Resources */,
			);
			buildRules = (
			);
			dependencies = (
			);
			fileSystemSynchronizedGroups = (
				E29BB3BB325E2E336DBFC861 /* BetterBahnShare */,
			);
			name = BetterBahnShareExtension;
			packageProductDependencies = (
				1317CD8A62CBFA9D4E6363C9 /* BetterBahnKit */,
			);
			productName = BetterBahnShareExtension;
			productReference = A82B86377018B7B466B6CE87 /* BetterBahnShareExtension.appex */;
			productType = "com.apple.product-type.app-extension";
		};
		E8173D1080A28ECDFD3BF6B2 /* BetterBahnWidgetsExtension */ = {
			isa = PBXNativeTarget;
			buildConfigurationList = 3BBB74E95767513C23C8646C /* Build configuration list for PBXNativeTarget "BetterBahnWidgetsExtension" */;
			buildPhases = (
				C861C1B2713F1DA729267477 /* Sources */,
				C2B571F11AF4AD9F122E48C3 /* Frameworks */,
				3EB9B1A63CB0AF905AC09EAB /* Resources */,
			);
			buildRules = (
			);
			dependencies = (
			);
			fileSystemSynchronizedGroups = (
				3EEF7D8B7A3B439D41A876E3 /* BetterBahnWidgets */,
			);
			name = BetterBahnWidgetsExtension;
			packageProductDependencies = (
				BDBCCC4658689BF45E5472BF /* BetterBahnKit */,
			);
			productName = BetterBahnWidgetsExtension;
			productReference = 1C7052EC5FC02E5BD365EC48 /* BetterBahnWidgetsExtension.appex */;
			productType = "com.apple.product-type.app-extension";
		};
/* End PBXNativeTarget section */

/* Begin PBXProject section */
		46F86FAA6BBF9AC94A7E4595 /* Project object */ = {
			isa = PBXProject;
			attributes = {
				BuildIndependentTargetsInParallel = 1;
				KnownAssetTags = (
					New,
				);
				LastSwiftUpdateCheck = 2660;
				LastUpgradeCheck = 2700;
				TargetAttributes = {
					3D4C91345015A4DD0A099400 = {
						CreatedOnToolsVersion = 26.6;
					};
					6C92DD629C0C1B84C2BCEE58 = {
						CreatedOnToolsVersion = 26.6;
					};
					E8173D1080A28ECDFD3BF6B2 = {
						CreatedOnToolsVersion = 26.6;
					};
				};
			};
			buildConfigurationList = E3A7C415CD449FA8A1E633E1 /* Build configuration list for PBXProject "BetterBahn" */;
			developmentRegion = de;
			hasScannedForEncodings = 0;
			knownRegions = (
				de,
				Base,
			);
			mainGroup = 8D3FC6DB5D0827F168A73277;
			minimizedProjectReferenceProxies = 1;
			packageReferences = (
				2BCD311588779502C5D39910 /* XCLocalSwiftPackageReference "Packages/BetterBahnKit" */,
			);
			preferredProjectObjectVersion = 77;
			productRefGroup = 1BADDC1D73C1A20F347483E1 /* Products */;
			projectDirPath = "";
			projectRoot = "";
			targets = (
				3D4C91345015A4DD0A099400 /* BetterBahn */,
				E8173D1080A28ECDFD3BF6B2 /* BetterBahnWidgetsExtension */,
				6C92DD629C0C1B84C2BCEE58 /* BetterBahnShareExtension */,
			);
		};
/* End PBXProject section */

/* Begin PBXResourcesBuildPhase section */
		3EB9B1A63CB0AF905AC09EAB /* Resources */ = {
			isa = PBXResourcesBuildPhase;
			buildActionMask = 2147483647;
			files = (
			);
			runOnlyForDeploymentPostprocessing = 0;
		};
		82A968CB662751220D4DFE2D /* Resources */ = {
			isa = PBXResourcesBuildPhase;
			buildActionMask = 2147483647;
			files = (
			);
			runOnlyForDeploymentPostprocessing = 0;
		};
		9497FA6573F6A2280CA89521 /* Resources */ = {
			isa = PBXResourcesBuildPhase;
			buildActionMask = 2147483647;
			files = (
			);
			runOnlyForDeploymentPostprocessing = 0;
		};
/* End PBXResourcesBuildPhase section */

/* Begin PBXSourcesBuildPhase section */
		C861C1B2713F1DA729267477 /* Sources */ = {
			isa = PBXSourcesBuildPhase;
			buildActionMask = 2147483647;
			files = (
			);
			runOnlyForDeploymentPostprocessing = 0;
		};
		DA10D9DD089DF2AFEBC5ED5A /* Sources */ = {
			isa = PBXSourcesBuildPhase;
			buildActionMask = 2147483647;
			files = (
			);
			runOnlyForDeploymentPostprocessing = 0;
		};
		EBC1652357BA9939ECBC42EF /* Sources */ = {
			isa = PBXSourcesBuildPhase;
			buildActionMask = 2147483647;
			files = (
			);
			runOnlyForDeploymentPostprocessing = 0;
		};
/* End PBXSourcesBuildPhase section */

/* Begin PBXTargetDependency section */
		551BDF5D8808EFCFB21091A6 /* PBXTargetDependency */ = {
			isa = PBXTargetDependency;
			target = E8173D1080A28ECDFD3BF6B2 /* BetterBahnWidgetsExtension */;
			targetProxy = 431387EB7262E1CFC79B125E /* PBXContainerItemProxy */;
		};
		582E3352E0B54DE653868AFB /* PBXTargetDependency */ = {
			isa = PBXTargetDependency;
			target = 6C92DD629C0C1B84C2BCEE58 /* BetterBahnShareExtension */;
			targetProxy = F832B348EE8824D79D9461EE /* PBXContainerItemProxy */;
		};
/* End PBXTargetDependency section */

/* Begin XCBuildConfiguration section */
		191734982F22ABEBB64A1AE0 /* Release */ = {
			isa = XCBuildConfiguration;
			baseConfigurationReference = 07CD028B06AD9AD383E4AE30 /* Config/App.xcconfig */;
			buildSettings = {
				ASSETCATALOG_COMPILER_APPICON_NAME = AppIcon;
				CODE_SIGN_STYLE = Automatic;
				CURRENT_PROJECT_VERSION = 1;
				ENABLE_PREVIEWS = YES;
				GENERATE_INFOPLIST_FILE = YES;
				INFOPLIST_FILE = "Config/BetterBahn-Info.plist";
				INFOPLIST_KEY_CFBundleDisplayName = BetterBahn;
				INFOPLIST_KEY_LSApplicationCategoryType = "public.app-category.travel";
				INFOPLIST_KEY_NSLocationWhenInUseUsageDescription = "Damit bei der Bahnhofssuche Bahnhöfe in deiner Nähe zuerst angezeigt werden.";
				INFOPLIST_KEY_NSSupportsLiveActivities = YES;
				INFOPLIST_KEY_NSSupportsLiveActivitiesFrequentUpdates = YES;
				INFOPLIST_KEY_UIApplicationSceneManifest_Generation = YES;
				INFOPLIST_KEY_UILaunchScreen_Generation = YES;
				INFOPLIST_KEY_UISupportedInterfaceOrientations = "UIInterfaceOrientationPortrait UIInterfaceOrientationLandscapeLeft UIInterfaceOrientationLandscapeRight";
				LD_RUNPATH_SEARCH_PATHS = (
					"$(inherited)",
					"@executable_path/Frameworks",
				);
				MARKETING_VERSION = 0.1;
				PRODUCT_NAME = BetterBahn;
				SWIFT_EMIT_LOC_STRINGS = YES;
				TARGETED_DEVICE_FAMILY = 1;
			};
			name = Release;
		};
		2D74CA302FF4E1F0293F50B2 /* Debug */ = {
			isa = XCBuildConfiguration;
			baseConfigurationReference = 3376E011AD4FCD4BF785813D /* Config/Widgets.xcconfig */;
			buildSettings = {
				CODE_SIGN_STYLE = Automatic;
				CURRENT_PROJECT_VERSION = 1;
				GENERATE_INFOPLIST_FILE = YES;
				INFOPLIST_FILE = "Config/BetterBahnWidgets-Info.plist";
				INFOPLIST_KEY_CFBundleDisplayName = BetterBahn;
				INFOPLIST_KEY_NSHumanReadableCopyright = "";
				LD_RUNPATH_SEARCH_PATHS = (
					"$(inherited)",
					"@executable_path/Frameworks",
					"@executable_path/../../Frameworks",
				);
				MARKETING_VERSION = 0.1;
				PRODUCT_NAME = "$(TARGET_NAME)";
				SKIP_INSTALL = YES;
				SWIFT_EMIT_LOC_STRINGS = YES;
				TARGETED_DEVICE_FAMILY = 1;
			};
			name = Debug;
		};
		650783DEE3BA97236E416D2A /* Release */ = {
			isa = XCBuildConfiguration;
			baseConfigurationReference = 22E0D898107FA89EF25F38C9 /* Config/Share.xcconfig */;
			buildSettings = {
				CODE_SIGN_STYLE = Automatic;
				CURRENT_PROJECT_VERSION = 1;
				GENERATE_INFOPLIST_FILE = YES;
				INFOPLIST_FILE = "Config/BetterBahnShare-Info.plist";
				INFOPLIST_KEY_CFBundleDisplayName = BetterBahn;
				INFOPLIST_KEY_NSHumanReadableCopyright = "";
				LD_RUNPATH_SEARCH_PATHS = (
					"$(inherited)",
					"@executable_path/Frameworks",
					"@executable_path/../../Frameworks",
				);
				MARKETING_VERSION = 0.1;
				PRODUCT_NAME = "$(TARGET_NAME)";
				SKIP_INSTALL = YES;
				SWIFT_EMIT_LOC_STRINGS = YES;
				TARGETED_DEVICE_FAMILY = 1;
			};
			name = Release;
		};
		72FB3ED29B4639D83EC5DB14 /* Debug */ = {
			isa = XCBuildConfiguration;
			baseConfigurationReference = 07CD028B06AD9AD383E4AE30 /* Config/App.xcconfig */;
			buildSettings = {
				ASSETCATALOG_COMPILER_APPICON_NAME = AppIcon;
				CODE_SIGN_STYLE = Automatic;
				CURRENT_PROJECT_VERSION = 1;
				ENABLE_PREVIEWS = YES;
				GENERATE_INFOPLIST_FILE = YES;
				INFOPLIST_FILE = "Config/BetterBahn-Info.plist";
				INFOPLIST_KEY_CFBundleDisplayName = BetterBahn;
				INFOPLIST_KEY_LSApplicationCategoryType = "public.app-category.travel";
				INFOPLIST_KEY_NSLocationWhenInUseUsageDescription = "Damit bei der Bahnhofssuche Bahnhöfe in deiner Nähe zuerst angezeigt werden.";
				INFOPLIST_KEY_NSSupportsLiveActivities = YES;
				INFOPLIST_KEY_NSSupportsLiveActivitiesFrequentUpdates = YES;
				INFOPLIST_KEY_UIApplicationSceneManifest_Generation = YES;
				INFOPLIST_KEY_UILaunchScreen_Generation = YES;
				INFOPLIST_KEY_UISupportedInterfaceOrientations = "UIInterfaceOrientationPortrait UIInterfaceOrientationLandscapeLeft UIInterfaceOrientationLandscapeRight";
				LD_RUNPATH_SEARCH_PATHS = (
					"$(inherited)",
					"@executable_path/Frameworks",
				);
				MARKETING_VERSION = 0.1;
				PRODUCT_NAME = BetterBahn;
				SWIFT_EMIT_LOC_STRINGS = YES;
				TARGETED_DEVICE_FAMILY = 1;
			};
			name = Debug;
		};
		999D00FC968E12EBDA6FF541 /* Release */ = {
			isa = XCBuildConfiguration;
			baseConfigurationReference = 3376E011AD4FCD4BF785813D /* Config/Widgets.xcconfig */;
			buildSettings = {
				CODE_SIGN_STYLE = Automatic;
				CURRENT_PROJECT_VERSION = 1;
				GENERATE_INFOPLIST_FILE = YES;
				INFOPLIST_FILE = "Config/BetterBahnWidgets-Info.plist";
				INFOPLIST_KEY_CFBundleDisplayName = BetterBahn;
				INFOPLIST_KEY_NSHumanReadableCopyright = "";
				LD_RUNPATH_SEARCH_PATHS = (
					"$(inherited)",
					"@executable_path/Frameworks",
					"@executable_path/../../Frameworks",
				);
				MARKETING_VERSION = 0.1;
				PRODUCT_NAME = "$(TARGET_NAME)";
				SKIP_INSTALL = YES;
				SWIFT_EMIT_LOC_STRINGS = YES;
				TARGETED_DEVICE_FAMILY = 1;
			};
			name = Release;
		};
		AC76EA0702A79A1A930B5C34 /* Debug */ = {
			isa = XCBuildConfiguration;
			baseConfigurationReference = 22E0D898107FA89EF25F38C9 /* Config/Share.xcconfig */;
			buildSettings = {
				CODE_SIGN_STYLE = Automatic;
				CURRENT_PROJECT_VERSION = 1;
				GENERATE_INFOPLIST_FILE = YES;
				INFOPLIST_FILE = "Config/BetterBahnShare-Info.plist";
				INFOPLIST_KEY_CFBundleDisplayName = BetterBahn;
				INFOPLIST_KEY_NSHumanReadableCopyright = "";
				LD_RUNPATH_SEARCH_PATHS = (
					"$(inherited)",
					"@executable_path/Frameworks",
					"@executable_path/../../Frameworks",
				);
				MARKETING_VERSION = 0.1;
				PRODUCT_NAME = "$(TARGET_NAME)";
				SKIP_INSTALL = YES;
				SWIFT_EMIT_LOC_STRINGS = YES;
				TARGETED_DEVICE_FAMILY = 1;
			};
			name = Debug;
		};
		FA9139DD8B03E3F922556BF8 /* Debug */ = {
			isa = XCBuildConfiguration;
			buildSettings = {
				ALWAYS_SEARCH_USER_PATHS = NO;
				CLANG_ENABLE_MODULES = YES;
				CLANG_ENABLE_OBJC_ARC = YES;
				CLANG_WARN_BLOCK_CAPTURE_AUTORELEASING = YES;
				CLANG_WARN_BOOL_CONVERSION = YES;
				CLANG_WARN_COMMA = YES;
				CLANG_WARN_CONSTANT_CONVERSION = YES;
				CLANG_WARN_DEPRECATED_OBJC_IMPLEMENTATIONS = YES;
				CLANG_WARN_EMPTY_BODY = YES;
				CLANG_WARN_ENUM_CONVERSION = YES;
				CLANG_WARN_INFINITE_RECURSION = YES;
				CLANG_WARN_INT_CONVERSION = YES;
				CLANG_WARN_NON_LITERAL_NULL_CONVERSION = YES;
				CLANG_WARN_OBJC_IMPLICIT_RETAIN_SELF = YES;
				CLANG_WARN_OBJC_LITERAL_CONVERSION = YES;
				CLANG_WARN_QUOTED_INCLUDE_IN_FRAMEWORK_HEADER = YES;
				CLANG_WARN_RANGE_LOOP_ANALYSIS = YES;
				CLANG_WARN_STRICT_PROTOTYPES = YES;
				CLANG_WARN_SUSPICIOUS_MOVE = YES;
				CLANG_WARN_UNREACHABLE_CODE = YES;
				CLANG_WARN__DUPLICATE_METHOD_MATCH = YES;
				COPY_PHASE_STRIP = NO;
				DEBUG_INFORMATION_FORMAT = dwarf;
				DEVELOPMENT_LANGUAGE = de;
				ENABLE_STRICT_OBJC_MSGSEND = YES;
				ENABLE_TESTABILITY = YES;
				ENABLE_USER_SCRIPT_SANDBOXING = YES;
				GCC_C_LANGUAGE_STANDARD = gnu17;
				GCC_NO_COMMON_BLOCKS = YES;
				GCC_OPTIMIZATION_LEVEL = 0;
				GCC_WARN_64_TO_32_BIT_CONVERSION = YES;
				GCC_WARN_ABOUT_RETURN_TYPE = YES;
				GCC_WARN_UNDECLARED_SELECTOR = YES;
				GCC_WARN_UNINITIALIZED_AUTOS = YES;
				GCC_WARN_UNUSED_FUNCTION = YES;
				GCC_WARN_UNUSED_VARIABLE = YES;
				IPHONEOS_DEPLOYMENT_TARGET = 26.0;
				LOCALIZATION_PREFERS_STRING_CATALOGS = YES;
				MTL_ENABLE_DEBUG_INFO = INCLUDE_SOURCE;
				ONLY_ACTIVE_ARCH = YES;
				SDKROOT = iphoneos;
				STRING_CATALOG_GENERATE_SYMBOLS = YES;
				SWIFT_ACTIVE_COMPILATION_CONDITIONS = "DEBUG $(inherited)";
				SWIFT_APPROACHABLE_CONCURRENCY = YES;
				SWIFT_DEFAULT_ACTOR_ISOLATION = MainActor;
				SWIFT_OPTIMIZATION_LEVEL = "-Onone";
				SWIFT_UPCOMING_FEATURE_MEMBER_IMPORT_VISIBILITY = YES;
				SWIFT_VERSION = 6.0;
			};
			name = Debug;
		};
		FFE2104CCFAB79205AC64460 /* Release */ = {
			isa = XCBuildConfiguration;
			buildSettings = {
				ALWAYS_SEARCH_USER_PATHS = NO;
				CLANG_ENABLE_MODULES = YES;
				CLANG_ENABLE_OBJC_ARC = YES;
				CLANG_WARN_BLOCK_CAPTURE_AUTORELEASING = YES;
				CLANG_WARN_BOOL_CONVERSION = YES;
				CLANG_WARN_COMMA = YES;
				CLANG_WARN_CONSTANT_CONVERSION = YES;
				CLANG_WARN_DEPRECATED_OBJC_IMPLEMENTATIONS = YES;
				CLANG_WARN_EMPTY_BODY = YES;
				CLANG_WARN_ENUM_CONVERSION = YES;
				CLANG_WARN_INFINITE_RECURSION = YES;
				CLANG_WARN_INT_CONVERSION = YES;
				CLANG_WARN_NON_LITERAL_NULL_CONVERSION = YES;
				CLANG_WARN_OBJC_IMPLICIT_RETAIN_SELF = YES;
				CLANG_WARN_OBJC_LITERAL_CONVERSION = YES;
				CLANG_WARN_QUOTED_INCLUDE_IN_FRAMEWORK_HEADER = YES;
				CLANG_WARN_RANGE_LOOP_ANALYSIS = YES;
				CLANG_WARN_STRICT_PROTOTYPES = YES;
				CLANG_WARN_SUSPICIOUS_MOVE = YES;
				CLANG_WARN_UNREACHABLE_CODE = YES;
				CLANG_WARN__DUPLICATE_METHOD_MATCH = YES;
				COPY_PHASE_STRIP = NO;
				DEBUG_INFORMATION_FORMAT = "dwarf-with-dsym";
				DEVELOPMENT_LANGUAGE = de;
				ENABLE_NS_ASSERTIONS = NO;
				ENABLE_STRICT_OBJC_MSGSEND = YES;
				ENABLE_USER_SCRIPT_SANDBOXING = YES;
				GCC_C_LANGUAGE_STANDARD = gnu17;
				GCC_NO_COMMON_BLOCKS = YES;
				GCC_WARN_64_TO_32_BIT_CONVERSION = YES;
				GCC_WARN_ABOUT_RETURN_TYPE = YES;
				GCC_WARN_UNDECLARED_SELECTOR = YES;
				GCC_WARN_UNINITIALIZED_AUTOS = YES;
				GCC_WARN_UNUSED_FUNCTION = YES;
				GCC_WARN_UNUSED_VARIABLE = YES;
				IPHONEOS_DEPLOYMENT_TARGET = 26.0;
				LOCALIZATION_PREFERS_STRING_CATALOGS = YES;
				MTL_ENABLE_DEBUG_INFO = NO;
				SDKROOT = iphoneos;
				STRING_CATALOG_GENERATE_SYMBOLS = YES;
				SWIFT_APPROACHABLE_CONCURRENCY = YES;
				SWIFT_COMPILATION_MODE = wholemodule;
				SWIFT_DEFAULT_ACTOR_ISOLATION = MainActor;
				SWIFT_UPCOMING_FEATURE_MEMBER_IMPORT_VISIBILITY = YES;
				SWIFT_VERSION = 6.0;
				VALIDATE_PRODUCT = YES;
			};
			name = Release;
		};
/* End XCBuildConfiguration section */

/* Begin XCConfigurationList section */
		034C6249A62A205DDC9055EB /* Build configuration list for PBXNativeTarget "BetterBahn" */ = {
			isa = XCConfigurationList;
			buildConfigurations = (
				72FB3ED29B4639D83EC5DB14 /* Debug */,
				191734982F22ABEBB64A1AE0 /* Release */,
			);
			defaultConfigurationIsVisible = 0;
			defaultConfigurationName = Release;
		};
		3BBB74E95767513C23C8646C /* Build configuration list for PBXNativeTarget "BetterBahnWidgetsExtension" */ = {
			isa = XCConfigurationList;
			buildConfigurations = (
				2D74CA302FF4E1F0293F50B2 /* Debug */,
				999D00FC968E12EBDA6FF541 /* Release */,
			);
			defaultConfigurationIsVisible = 0;
			defaultConfigurationName = Release;
		};
		ABCFC20D27AECF48FC3593D2 /* Build configuration list for PBXNativeTarget "BetterBahnShareExtension" */ = {
			isa = XCConfigurationList;
			buildConfigurations = (
				AC76EA0702A79A1A930B5C34 /* Debug */,
				650783DEE3BA97236E416D2A /* Release */,
			);
			defaultConfigurationIsVisible = 0;
			defaultConfigurationName = Release;
		};
		E3A7C415CD449FA8A1E633E1 /* Build configuration list for PBXProject "BetterBahn" */ = {
			isa = XCConfigurationList;
			buildConfigurations = (
				FA9139DD8B03E3F922556BF8 /* Debug */,
				FFE2104CCFAB79205AC64460 /* Release */,
			);
			defaultConfigurationIsVisible = 0;
			defaultConfigurationName = Release;
		};
/* End XCConfigurationList section */

/* Begin XCLocalSwiftPackageReference section */
		2BCD311588779502C5D39910 /* XCLocalSwiftPackageReference "Packages/BetterBahnKit" */ = {
			isa = XCLocalSwiftPackageReference;
			relativePath = Packages/BetterBahnKit;
		};
/* End XCLocalSwiftPackageReference section */

/* Begin XCSwiftPackageProductDependency section */
		1317CD8A62CBFA9D4E6363C9 /* BetterBahnKit */ = {
			isa = XCSwiftPackageProductDependency;
			productName = BetterBahnKit;
		};
		B70D16E744EAA68A9A44C7FF /* BetterBahnKit */ = {
			isa = XCSwiftPackageProductDependency;
			productName = BetterBahnKit;
		};
		BDBCCC4658689BF45E5472BF /* BetterBahnKit */ = {
			isa = XCSwiftPackageProductDependency;
			productName = BetterBahnKit;
		};
/* End XCSwiftPackageProductDependency section */
	};
	rootObject = 46F86FAA6BBF9AC94A7E4595 /* Project object */;
}
